
Microsoft Visual Studio Solution File, Format Version 12.00
# Visual Studio Version 16
VisualStudioVersion = 16.0.33328.57
MinimumVisualStudioVersion = 10.0.40219.1
Project("{FAE04EC0-301F-11D3-BF4B-00C04F79EFBC}") = "BigSchool", "BigSchool\BigSchool.csproj", "{7EF724BD-280C-4D2A-9CC4-20FA406D29A6}"
EndProject
Global
	GlobalSection(SolutionConfigurationPlatforms) = preSolution
		Debug|Any CPU = Debug|Any CPU
		Release|Any CPU = Release|Any CPU
	EndGlobalSection
	GlobalSection(ProjectConfigurationPlatforms) = postSolution
		{7EF724BD-280C-4D2A-9CC4-20FA406D29A6}.Debug|Any CPU.ActiveCfg = Debug|Any CPU
		{7EF724BD-280C-4D2A-9CC4-20FA406D29A6}.Debug|Any CPU.Build.0 = Debug|Any CPU
		{7EF724BD-280C-4D2A-9CC4-20FA406D29A6}.Release|Any CPU.ActiveCfg = Release|Any CPU
		{7EF724BD-280C-4D2A-9CC4-20FA406D29A6}.Release|Any CPU.Build.0 = Release|Any CPU
	EndGlobalSection
	GlobalSection(SolutionProperties) = preSolution
		HideSolutionNode = FALSE
	EndGlobalSection
	GlobalSection(ExtensibilityGlobals) = postSolution
		SolutionGuid = {B4484625-40E3-4892-AE57-504BE917DDAC}
	EndGlobalSection
EndGlobal
